
Microsoft Visual Studio Solution File, Format Version 12.00
# Visual Studio Version 17
VisualStudioVersion = 17.7.34031.279
MinimumVisualStudioVersion = 10.0.40219.1
Project("{FAE04EC0-301F-11D3-BF4B-00C04F79EFBC}") = "noName", "noName\noName.csproj", "{1381AE6B-18CB-4C5B-9707-554D0C9DFFF0}"
EndProject
Global
	GlobalSection(SolutionConfigurationPlatforms) = preSolution
		Debug|Any CPU = Debug|Any CPU
		Release|Any CPU = Release|Any CPU
	EndGlobalSection
	GlobalSection(ProjectConfigurationPlatforms) = postSolution
		{1381AE6B-18CB-4C5B-9707-554D0C9DFFF0}.Debug|Any CPU.ActiveCfg = Debug|Any CPU
		{1381AE6B-18CB-4C5B-9707-554D0C9DFFF0}.Debug|Any CPU.Build.0 = Debug|Any CPU
		{1381AE6B-18CB-4C5B-9707-554D0C9DFFF0}.Release|Any CPU.ActiveCfg = Release|Any CPU
		{1381AE6B-18CB-4C5B-9707-554D0C9DFFF0}.Release|Any CPU.Build.0 = Release|Any CPU
	EndGlobalSection
	GlobalSection(SolutionProperties) = preSolution
		HideSolutionNode = FALSE
	EndGlobalSection
	GlobalSection(ExtensibilityGlobals) = postSolution
		SolutionGuid = {1EF14CAF-2DCA-4506-87DF-A826E29BCB5C}
	EndGlobalSection
EndGlobal
